# This file is generated by running "yarn install" inside your project.
# Manual changes might be lost - proceed with caution!

__metadata:
  version: 8
  cacheKey: 10c0

"@types/jquery@npm:*":
  version: 3.5.33
  resolution: "@types/jquery@npm:3.5.33"
  dependencies:
    "@types/sizzle": "npm:*"
  checksum: 10c0/d96c42762b7370ddf3b81cdad436a79d275e0ff09e2f4d7fbf2bbd8f97acef4110a11f1c3cb683195a1eba4fd9959e59d73f84d56ce2c010907a2bea696eb057
  languageName: node
  linkType: hard

"@types/sizzle@npm:*":
  version: 2.3.10
  resolution: "@types/sizzle@npm:2.3.10"
  checksum: 10c0/d43ec1cd0b5e1f66b1abeaf359608853629cd3d6b8dc8b3b40b85a5ee2ce149a4485ccd7eee5c58b5a2814d384f5a951f1dab5d49041ad83457270cb2bc66fe7
  languageName: node
  linkType: hard

"@types/twine-sugarcube@npm:~2.37.2":
  version: 2.37.2
  resolution: "@types/twine-sugarcube@npm:2.37.2"
  dependencies:
    "@types/jquery": "npm:*"
  checksum: 10c0/57b5941b6bfd89904726e056c15c1a2912bea4b4d1c296a050afcee3b8afac390da1584f63a4bdd3a951c3e0c0b20852dba07ab3fceb77154119a5c909cc6a63
  languageName: node
  linkType: hard

"sugarshock@workspace:.":
  version: 0.0.0-use.local
  resolution: "sugarshock@workspace:."
  dependencies:
    "@types/twine-sugarcube": "npm:~2.37.2"
  languageName: unknown
  linkType: soft
